{
  "name": "example-app",
  "version": "0.1.0",
  "lockfileVersion": 3,
  "requires": true,
  "packages": {
    "": {
      "name": "example-app",
      "version": "0.1.0",
      "devDependencies": {
        "eslint": "9.33.0",
        "typescript": "5.9.2",
        "vitest": "3.2.4"
      }
    }
  }
}

